
Microsoft Visual Studio Solution File, Format Version 11.00
# Visual Studio 2010
Project("{FAE04EC0-301F-11D3-BF4B-00C04F79EFBC}") = "Uranium.Data.NH", "Uranium.Data.NH\Uranium.Data.NH.csproj", "{0CCE3989-61B2-4A3B-A8E2-031313BD873F}"
EndProject
Project("{FAE04EC0-301F-11D3-BF4B-00C04F79EFBC}") = "Uranium.Core", "Uranium.Core\Uranium.Core.csproj", "{9F997114-3710-4F8C-AC0D-C9ADA98DEEB3}"
EndProject
Project("{FAE04EC0-301F-11D3-BF4B-00C04F79EFBC}") = "Uranium.Mvc", "Uranium.Mvc\Uranium.Mvc.csproj", "{7A7FF4E1-483E-4784-9191-D852EBF13196}"
EndProject
Global
	GlobalSection(SolutionConfigurationPlatforms) = preSolution
		Debug|Any CPU = Debug|Any CPU
		Release|Any CPU = Release|Any CPU
	EndGlobalSection
	GlobalSection(ProjectConfigurationPlatforms) = postSolution
		{0CCE3989-61B2-4A3B-A8E2-031313BD873F}.Debug|Any CPU.ActiveCfg = Debug|Any CPU
		{0CCE3989-61B2-4A3B-A8E2-031313BD873F}.Debug|Any CPU.Build.0 = Debug|Any CPU
		{0CCE3989-61B2-4A3B-A8E2-031313BD873F}.Release|Any CPU.ActiveCfg = Release|Any CPU
		{0CCE3989-61B2-4A3B-A8E2-031313BD873F}.Release|Any CPU.Build.0 = Release|Any CPU
		{9F997114-3710-4F8C-AC0D-C9ADA98DEEB3}.Debug|Any CPU.ActiveCfg = Debug|Any CPU
		{9F997114-3710-4F8C-AC0D-C9ADA98DEEB3}.Debug|Any CPU.Build.0 = Debug|Any CPU
		{9F997114-3710-4F8C-AC0D-C9ADA98DEEB3}.Release|Any CPU.ActiveCfg = Release|Any CPU
		{9F997114-3710-4F8C-AC0D-C9ADA98DEEB3}.Release|Any CPU.Build.0 = Release|Any CPU
		{7A7FF4E1-483E-4784-9191-D852EBF13196}.Debug|Any CPU.ActiveCfg = Debug|Any CPU
		{7A7FF4E1-483E-4784-9191-D852EBF13196}.Debug|Any CPU.Build.0 = Debug|Any CPU
		{7A7FF4E1-483E-4784-9191-D852EBF13196}.Release|Any CPU.ActiveCfg = Release|Any CPU
		{7A7FF4E1-483E-4784-9191-D852EBF13196}.Release|Any CPU.Build.0 = Release|Any CPU
	EndGlobalSection
	GlobalSection(SolutionProperties) = preSolution
		HideSolutionNode = FALSE
	EndGlobalSection
EndGlobal
