
Microsoft Visual Studio Solution File, Format Version 11.00
# Visual Studio 2010
Project("{FAE04EC0-301F-11D3-BF4B-00C04F79EFBC}") = "Uranium.Data.NH", "Uranium.Data.NH\Uranium.Data.NH.csproj", "{0CCE3989-61B2-4A3B-A8E2-031313BD873F}"
EndProject
Project("{FAE04EC0-301F-11D3-BF4B-00C04F79EFBC}") = "Uranium.Core", "Uranium.Core\Uranium.Core.csproj", "{9F997114-3710-4F8C-AC0D-C9ADA98DEEB3}"
EndProject
Project("{FAE04EC0-301F-11D3-BF4B-00C04F79EFBC}") = "Uranium.Mvc", "Uranium.Mvc\Uranium.Mvc.csproj", "{7A7FF4E1-483E-4784-9191-D852EBF13196}"
EndProject
Project("{2150E333-8FDC-42A3-9474-1A3956D46DE8}") = "Applications", "Applications", "{FB2D5052-F086-4EA3-90FA-21BD68C0A635}"
EndProject
Project("{FAE04EC0-301F-11D3-BF4B-00C04F79EFBC}") = "Console.NH", "Console.NH\Console.NH.csproj", "{5F5A8D37-00D7-4B03-8585-A5D9063CADF5}"
EndProject
Global
	GlobalSection(SolutionConfigurationPlatforms) = preSolution
		Debug|Any CPU = Debug|Any CPU
		Debug|Mixed Platforms = Debug|Mixed Platforms
		Debug|x86 = Debug|x86
		Release|Any CPU = Release|Any CPU
		Release|Mixed Platforms = Release|Mixed Platforms
		Release|x86 = Release|x86
	EndGlobalSection
	GlobalSection(ProjectConfigurationPlatforms) = postSolution
		{0CCE3989-61B2-4A3B-A8E2-031313BD873F}.Debug|Any CPU.ActiveCfg = Debug|Any CPU
		{0CCE3989-61B2-4A3B-A8E2-031313BD873F}.Debug|Any CPU.Build.0 = Debug|Any CPU
		{0CCE3989-61B2-4A3B-A8E2-031313BD873F}.Debug|Mixed Platforms.ActiveCfg = Debug|Any CPU
		{0CCE3989-61B2-4A3B-A8E2-031313BD873F}.Debug|Mixed Platforms.Build.0 = Debug|Any CPU
		{0CCE3989-61B2-4A3B-A8E2-031313BD873F}.Debug|x86.ActiveCfg = Debug|Any CPU
		{0CCE3989-61B2-4A3B-A8E2-031313BD873F}.Release|Any CPU.ActiveCfg = Release|Any CPU
		{0CCE3989-61B2-4A3B-A8E2-031313BD873F}.Release|Any CPU.Build.0 = Release|Any CPU
		{0CCE3989-61B2-4A3B-A8E2-031313BD873F}.Release|Mixed Platforms.ActiveCfg = Release|Any CPU
		{0CCE3989-61B2-4A3B-A8E2-031313BD873F}.Release|Mixed Platforms.Build.0 = Release|Any CPU
		{0CCE3989-61B2-4A3B-A8E2-031313BD873F}.Release|x86.ActiveCfg = Release|Any CPU
		{9F997114-3710-4F8C-AC0D-C9ADA98DEEB3}.Debug|Any CPU.ActiveCfg = Debug|Any CPU
		{9F997114-3710-4F8C-AC0D-C9ADA98DEEB3}.Debug|Any CPU.Build.0 = Debug|Any CPU
		{9F997114-3710-4F8C-AC0D-C9ADA98DEEB3}.Debug|Mixed Platforms.ActiveCfg = Debug|Any CPU
		{9F997114-3710-4F8C-AC0D-C9ADA98DEEB3}.Debug|Mixed Platforms.Build.0 = Debug|Any CPU
		{9F997114-3710-4F8C-AC0D-C9ADA98DEEB3}.Debug|x86.ActiveCfg = Debug|Any CPU
		{9F997114-3710-4F8C-AC0D-C9ADA98DEEB3}.Release|Any CPU.ActiveCfg = Release|Any CPU
		{9F997114-3710-4F8C-AC0D-C9ADA98DEEB3}.Release|Any CPU.Build.0 = Release|Any CPU
		{9F997114-3710-4F8C-AC0D-C9ADA98DEEB3}.Release|Mixed Platforms.ActiveCfg = Release|Any CPU
		{9F997114-3710-4F8C-AC0D-C9ADA98DEEB3}.Release|Mixed Platforms.Build.0 = Release|Any CPU
		{9F997114-3710-4F8C-AC0D-C9ADA98DEEB3}.Release|x86.ActiveCfg = Release|Any CPU
		{7A7FF4E1-483E-4784-9191-D852EBF13196}.Debug|Any CPU.ActiveCfg = Debug|Any CPU
		{7A7FF4E1-483E-4784-9191-D852EBF13196}.Debug|Any CPU.Build.0 = Debug|Any CPU
		{7A7FF4E1-483E-4784-9191-D852EBF13196}.Debug|Mixed Platforms.ActiveCfg = Debug|Any CPU
		{7A7FF4E1-483E-4784-9191-D852EBF13196}.Debug|Mixed Platforms.Build.0 = Debug|Any CPU
		{7A7FF4E1-483E-4784-9191-D852EBF13196}.Debug|x86.ActiveCfg = Debug|Any CPU
		{7A7FF4E1-483E-4784-9191-D852EBF13196}.Release|Any CPU.ActiveCfg = Release|Any CPU
		{7A7FF4E1-483E-4784-9191-D852EBF13196}.Release|Any CPU.Build.0 = Release|Any CPU
		{7A7FF4E1-483E-4784-9191-D852EBF13196}.Release|Mixed Platforms.ActiveCfg = Release|Any CPU
		{7A7FF4E1-483E-4784-9191-D852EBF13196}.Release|Mixed Platforms.Build.0 = Release|Any CPU
		{7A7FF4E1-483E-4784-9191-D852EBF13196}.Release|x86.ActiveCfg = Release|Any CPU
		{5F5A8D37-00D7-4B03-8585-A5D9063CADF5}.Debug|Any CPU.ActiveCfg = Debug|x86
		{5F5A8D37-00D7-4B03-8585-A5D9063CADF5}.Debug|Mixed Platforms.ActiveCfg = Debug|x86
		{5F5A8D37-00D7-4B03-8585-A5D9063CADF5}.Debug|Mixed Platforms.Build.0 = Debug|x86
		{5F5A8D37-00D7-4B03-8585-A5D9063CADF5}.Debug|x86.ActiveCfg = Debug|x86
		{5F5A8D37-00D7-4B03-8585-A5D9063CADF5}.Debug|x86.Build.0 = Debug|x86
		{5F5A8D37-00D7-4B03-8585-A5D9063CADF5}.Release|Any CPU.ActiveCfg = Release|x86
		{5F5A8D37-00D7-4B03-8585-A5D9063CADF5}.Release|Mixed Platforms.ActiveCfg = Release|x86
		{5F5A8D37-00D7-4B03-8585-A5D9063CADF5}.Release|Mixed Platforms.Build.0 = Release|x86
		{5F5A8D37-00D7-4B03-8585-A5D9063CADF5}.Release|x86.ActiveCfg = Release|x86
		{5F5A8D37-00D7-4B03-8585-A5D9063CADF5}.Release|x86.Build.0 = Release|x86
	EndGlobalSection
	GlobalSection(SolutionProperties) = preSolution
		HideSolutionNode = FALSE
	EndGlobalSection
	GlobalSection(NestedProjects) = preSolution
		{5F5A8D37-00D7-4B03-8585-A5D9063CADF5} = {FB2D5052-F086-4EA3-90FA-21BD68C0A635}
	EndGlobalSection
EndGlobal
